<?xml version="1.0" encoding="utf-8"?>
<Project ToolsVersion="4.0" xmlns="http://schemas.microsoft.com/developer/msbuild/2003">
  <ItemGroup>
    <Filter Include="Fichiers sources">
      <UniqueIdentifier>{4FC737F1-C7A5-4376-A066-2A32D752A2FF}</UniqueIdentifier>
      <Extensions>cpp;c;cc;cxx;c++;cppm;ixx;def;odl;idl;hpj;bat;asm;asmx</Extensions>
    </Filter>
    <Filter Include="Fichiers d%27en-tête">
      <UniqueIdentifier>{93995380-89BD-4b04-88EB-625FBE52EBFB}</UniqueIdentifier>
      <Extensions>h;hh;hpp;hxx;h++;hm;inl;inc;ipp;xsd</Extensions>
    </Filter>
    <Filter Include="Fichiers de ressources">
      <UniqueIdentifier>{67DA6AB6-F800-4c08-8B7A-83BB121AAD01}</UniqueIdentifier>
      <Extensions>rc;ico;cur;bmp;dlg;rc2;rct;bin;rgs;gif;jpg;jpeg;jpe;resx;tiff;tif;png;wav;mfcribbon-ms</Extensions>
    </Filter>
    <Filter Include="Fichiers d%27en-tête\View">
      <UniqueIdentifier>{5f267521-e2d6-4057-a997-c4ab2a11294d}</UniqueIdentifier>
    </Filter>
    <Filter Include="Fichiers sources\View">
      <UniqueIdentifier>{856bd431-d17e-450b-9178-9a96d6dcf789}</UniqueIdentifier>
    </Filter>
    <Filter Include="Fichiers d%27en-tête\Controller">
      <UniqueIdentifier>{4f84f752-e48e-4770-96de-7828435cd214}</UniqueIdentifier>
    </Filter>
    <Filter Include="Fichiers d%27en-tête\Model">
      <UniqueIdentifier>{9b41b053-8a34-4a96-90e3-5e64c758652b}</UniqueIdentifier>
    </Filter>
    <Filter Include="Fichiers sources\Controller">
      <UniqueIdentifier>{fdc21595-6b31-4c05-bf93-3cb5948f12ff}</UniqueIdentifier>
    </Filter>
    <Filter Include="Fichiers sources\Model">
      <UniqueIdentifier>{52efb63f-1ec5-4ddb-be88-ed1e3c98449f}</UniqueIdentifier>
    </Filter>
  </ItemGroup>
  <ItemGroup>
    <ClCompile Include="ProjectBookLibrary.cpp">
      <Filter>Fichiers sources</Filter>
    </ClCompile>
    <ClCompile Include="consoleview.cpp">
      <Filter>Fichiers sources\View</Filter>
    </ClCompile>
    <ClCompile Include="booklibrary.cpp">
      <Filter>Fichiers sources\Controller</Filter>
    </ClCompile>
    <ClCompile Include="book.cpp">
      <Filter>Fichiers sources\Model</Filter>
    </ClCompile>
    <ClCompile Include="author.cpp">
      <Filter>Fichiers sources\Model</Filter>
    </ClCompile>
    <ClCompile Include="strat_add_data.cpp">
      <Filter>Fichiers sources\Controller</Filter>
    </ClCompile>
    <ClCompile Include="strat_search.cpp">
      <Filter>Fichiers sources\Controller</Filter>
    </ClCompile>
  </ItemGroup>
  <ItemGroup>
    <None Include="packages.config" />
  </ItemGroup>
  <ItemGroup>
    <ClInclude Include="consoleview.h">
      <Filter>Fichiers d%27en-tête\View</Filter>
    </ClInclude>
    <ClInclude Include="Ibooklibrary.h">
      <Filter>Fichiers d%27en-tête\Controller</Filter>
    </ClInclude>
    <ClInclude Include="booklibrary.h">
      <Filter>Fichiers d%27en-tête\Controller</Filter>
    </ClInclude>
    <ClInclude Include="book.h">
      <Filter>Fichiers d%27en-tête\Model</Filter>
    </ClInclude>
    <ClInclude Include="author.h">
      <Filter>Fichiers d%27en-tête\Model</Filter>
    </ClInclude>
    <ClInclude Include="strat_add_data.h">
      <Filter>Fichiers d%27en-tête\Controller</Filter>
    </ClInclude>
    <ClInclude Include="strat_search.h">
      <Filter>Fichiers d%27en-tête\Controller</Filter>
    </ClInclude>
  </ItemGroup>
</Project>